{
  "originHash" : "2fbc9913ef01bc2a3552a4af1e20c17fb86506320904516866bce230b3205ec5",
  "pins" : [
    {
      "identity" : "swift-chat",
      "kind" : "remoteSourceControl",
      "location" : "https://github.com/unionst/swift-chat.git",
      "state" : {
        "revision" : "4a7f37b8b01201c73be9974a2a612a5c8439e7ba",
        "version" : "1.0.7"
      }
    }
  ],
  "version" : 3
}
