{
  "originHash" : "4d8e78c6a1520c5c7c29adf9aa0cc7303432f1ef7d1d993d5bf32045bda78326",
  "pins" : [
    {
      "identity" : "swift-chat",
      "kind" : "remoteSourceControl",
      "location" : "https://github.com/unionst/swift-chat.git",
      "state" : {
        "revision" : "9cb656c9b9474b89e1ae47b2c3bb22dc21bbe558",
        "version" : "1.0.8"
      }
    }
  ],
  "version" : 3
}
